
Microsoft Visual Studio Solution File, Format Version 12.00
# Visual Studio Version 16
VisualStudioVersion = 16.0.31321.278
MinimumVisualStudioVersion = 10.0.40219.1
Project("{FAE04EC0-301F-11D3-BF4B-00C04F79EFBC}") = "ATM", "ATM\ATM.csproj", "{6DE63621-48F0-4733-B1D5-FBF7D477B352}"
EndProject
Global
	GlobalSection(SolutionConfigurationPlatforms) = preSolution
		Debug|Any CPU = Debug|Any CPU
		Release|Any CPU = Release|Any CPU
	EndGlobalSection
	GlobalSection(ProjectConfigurationPlatforms) = postSolution
		{6DE63621-48F0-4733-B1D5-FBF7D477B352}.Debug|Any CPU.ActiveCfg = Debug|Any CPU
		{6DE63621-48F0-4733-B1D5-FBF7D477B352}.Debug|Any CPU.Build.0 = Debug|Any CPU
		{6DE63621-48F0-4733-B1D5-FBF7D477B352}.Release|Any CPU.ActiveCfg = Release|Any CPU
		{6DE63621-48F0-4733-B1D5-FBF7D477B352}.Release|Any CPU.Build.0 = Release|Any CPU
	EndGlobalSection
	GlobalSection(SolutionProperties) = preSolution
		HideSolutionNode = FALSE
	EndGlobalSection
	GlobalSection(ExtensibilityGlobals) = postSolution
		SolutionGuid = {40D10D09-E95B-4DA3-9725-34AD40E50E9D}
	EndGlobalSection
EndGlobal
